
Microsoft Visual Studio Solution File, Format Version 12.00
# Visual Studio Version 17
VisualStudioVersion = 17.8.34309.116
MinimumVisualStudioVersion = 10.0.40219.1
Project("{FAE04EC0-301F-11D3-BF4B-00C04F79EFBC}") = "Unlocker", "Unlocker\Unlocker.csproj", "{A72875B0-0D11-4033-A0AE-D607FC076493}"
EndProject
Global
	GlobalSection(SolutionConfigurationPlatforms) = preSolution
		Debug|Any CPU = Debug|Any CPU
		Release|Any CPU = Release|Any CPU
	EndGlobalSection
	GlobalSection(ProjectConfigurationPlatforms) = postSolution
		{A72875B0-0D11-4033-A0AE-D607FC076493}.Debug|Any CPU.ActiveCfg = Debug|Any CPU
		{A72875B0-0D11-4033-A0AE-D607FC076493}.Debug|Any CPU.Build.0 = Debug|Any CPU
		{A72875B0-0D11-4033-A0AE-D607FC076493}.Release|Any CPU.ActiveCfg = Release|Any CPU
		{A72875B0-0D11-4033-A0AE-D607FC076493}.Release|Any CPU.Build.0 = Release|Any CPU
	EndGlobalSection
	GlobalSection(SolutionProperties) = preSolution
		HideSolutionNode = FALSE
	EndGlobalSection
	GlobalSection(ExtensibilityGlobals) = postSolution
		SolutionGuid = {7ECE6B27-C92F-41CA-9AFA-D63247836E36}
	EndGlobalSection
EndGlobal
